
Microsoft Visual Studio Solution File, Format Version 12.00
# Visual Studio Version 16
VisualStudioVersion = 16.0.30804.86
MinimumVisualStudioVersion = 10.0.40219.1
Project("{FAE04EC0-301F-11D3-BF4B-00C04F79EFBC}") = "Tarea1_Teoria", "Tarea1_Teoria\Tarea1_Teoria.csproj", "{55EB90FB-4661-46CB-9DAD-B0BE046BA6D9}"
EndProject
Global
	GlobalSection(SolutionConfigurationPlatforms) = preSolution
		Debug|Any CPU = Debug|Any CPU
		Release|Any CPU = Release|Any CPU
	EndGlobalSection
	GlobalSection(ProjectConfigurationPlatforms) = postSolution
		{55EB90FB-4661-46CB-9DAD-B0BE046BA6D9}.Debug|Any CPU.ActiveCfg = Debug|Any CPU
		{55EB90FB-4661-46CB-9DAD-B0BE046BA6D9}.Debug|Any CPU.Build.0 = Debug|Any CPU
		{55EB90FB-4661-46CB-9DAD-B0BE046BA6D9}.Release|Any CPU.ActiveCfg = Release|Any CPU
		{55EB90FB-4661-46CB-9DAD-B0BE046BA6D9}.Release|Any CPU.Build.0 = Release|Any CPU
	EndGlobalSection
	GlobalSection(SolutionProperties) = preSolution
		HideSolutionNode = FALSE
	EndGlobalSection
	GlobalSection(ExtensibilityGlobals) = postSolution
		SolutionGuid = {BA4A4FF4-A6DB-491A-9E4B-F0532DAD20AB}
	EndGlobalSection
EndGlobal
